
Microsoft Visual Studio Solution File, Format Version 12.00
# Visual Studio Version 16
VisualStudioVersion = 16.0.29009.5
MinimumVisualStudioVersion = 10.0.40219.1
Project("{FAE04EC0-301F-11D3-BF4B-00C04F79EFBC}") = "calculDistanceGenetique", "calculDistanceGenetique\calculDistanceGenetique.csproj", "{1D59A64F-6C00-40C4-A074-02ACDC8B43E9}"
EndProject
Global
	GlobalSection(SolutionConfigurationPlatforms) = preSolution
		Debug|Any CPU = Debug|Any CPU
		Debug|x64 = Debug|x64
		Release|Any CPU = Release|Any CPU
		Release|x64 = Release|x64
	EndGlobalSection
	GlobalSection(ProjectConfigurationPlatforms) = postSolution
		{1D59A64F-6C00-40C4-A074-02ACDC8B43E9}.Debug|Any CPU.ActiveCfg = Debug|Any CPU
		{1D59A64F-6C00-40C4-A074-02ACDC8B43E9}.Debug|Any CPU.Build.0 = Debug|Any CPU
		{1D59A64F-6C00-40C4-A074-02ACDC8B43E9}.Debug|x64.ActiveCfg = Debug|x64
		{1D59A64F-6C00-40C4-A074-02ACDC8B43E9}.Debug|x64.Build.0 = Debug|x64
		{1D59A64F-6C00-40C4-A074-02ACDC8B43E9}.Release|Any CPU.ActiveCfg = Release|Any CPU
		{1D59A64F-6C00-40C4-A074-02ACDC8B43E9}.Release|Any CPU.Build.0 = Release|Any CPU
		{1D59A64F-6C00-40C4-A074-02ACDC8B43E9}.Release|x64.ActiveCfg = Release|x64
		{1D59A64F-6C00-40C4-A074-02ACDC8B43E9}.Release|x64.Build.0 = Release|x64
	EndGlobalSection
	GlobalSection(SolutionProperties) = preSolution
		HideSolutionNode = FALSE
	EndGlobalSection
	GlobalSection(ExtensibilityGlobals) = postSolution
		SolutionGuid = {C22B353D-3DEB-49BB-9BD3-5620794ED382}
	EndGlobalSection
EndGlobal
